Microsoft Visual Studio Solution File, Format Version 9.00
# Visual Studio 2005
Project("{8BC9CEB8-8B4A-11D0-8D11-00A0C91BC942}") = "libenchant", "libenchant.vcproj", "{E0DB6274-F44C-48E6-AE30-C00D59864569}"
	ProjectSection(WebsiteProperties) = preProject
		Debug.AspNetCompiler.Debug = "True"
		Release.AspNetCompiler.Debug = "False"
	EndProjectSection
EndProject
Project("{8BC9CEB8-8B4A-11D0-8D11-00A0C91BC942}") = "libenchant_aspell", "libenchant_aspell.vcproj", "{E948850F-C9DA-4824-876D-4FE97B88E79F}"
	ProjectSection(WebsiteProperties) = preProject
		Debug.AspNetCompiler.Debug = "True"
		Release.AspNetCompiler.Debug = "False"
	EndProjectSection
	ProjectSection(ProjectDependencies) = postProject
		{E0DB6274-F44C-48E6-AE30-C00D59864569} = {E0DB6274-F44C-48E6-AE30-C00D59864569}
	EndProjectSection
EndProject
Project("{8BC9CEB8-8B4A-11D0-8D11-00A0C91BC942}") = "libenchant_hspell", "libenchant_hspell.vcproj", "{AA6839DF-19CB-49DD-8258-ABB86B5B0428}"
	ProjectSection(WebsiteProperties) = preProject
		Debug.AspNetCompiler.Debug = "True"
		Release.AspNetCompiler.Debug = "False"
	EndProjectSection
	ProjectSection(ProjectDependencies) = postProject
		{E0DB6274-F44C-48E6-AE30-C00D59864569} = {E0DB6274-F44C-48E6-AE30-C00D59864569}
	EndProjectSection
EndProject
Project("{8BC9CEB8-8B4A-11D0-8D11-00A0C91BC942}") = "libenchant_uspell", "libenchant_uspell.vcproj", "{6FA58A42-075E-4671-BBB4-F7AA8061F839}"
	ProjectSection(WebsiteProperties) = preProject
		Debug.AspNetCompiler.Debug = "True"
		Release.AspNetCompiler.Debug = "False"
	EndProjectSection
	ProjectSection(ProjectDependencies) = postProject
		{E0DB6274-F44C-48E6-AE30-C00D59864569} = {E0DB6274-F44C-48E6-AE30-C00D59864569}
	EndProjectSection
EndProject
Project("{8BC9CEB8-8B4A-11D0-8D11-00A0C91BC942}") = "libenchant_ispell", "libenchant_ispell.vcproj", "{5DC9EE15-B080-4964-96CC-1BDC90BB873A}"
	ProjectSection(WebsiteProperties) = preProject
		Debug.AspNetCompiler.Debug = "True"
		Release.AspNetCompiler.Debug = "False"
	EndProjectSection
	ProjectSection(ProjectDependencies) = postProject
		{E0DB6274-F44C-48E6-AE30-C00D59864569} = {E0DB6274-F44C-48E6-AE30-C00D59864569}
	EndProjectSection
EndProject
Project("{8BC9CEB8-8B4A-11D0-8D11-00A0C91BC942}") = "libenchant_myspell", "libenchant_myspell.vcproj", "{70927F4C-0446-4EF3-9F65-FA78AC210506}"
	ProjectSection(WebsiteProperties) = preProject
		Debug.AspNetCompiler.Debug = "True"
		Release.AspNetCompiler.Debug = "False"
	EndProjectSection
	ProjectSection(ProjectDependencies) = postProject
		{E0DB6274-F44C-48E6-AE30-C00D59864569} = {E0DB6274-F44C-48E6-AE30-C00D59864569}
	EndProjectSection
EndProject
Project("{8BC9CEB8-8B4A-11D0-8D11-00A0C91BC942}") = "libenchant_voikko", "libenchant_voikko.vcproj", "{5612C360-309B-4E73-8512-6A1265590B90}"
	ProjectSection(WebsiteProperties) = preProject
		Debug.AspNetCompiler.Debug = "True"
		Release.AspNetCompiler.Debug = "False"
	EndProjectSection
	ProjectSection(ProjectDependencies) = postProject
		{E0DB6274-F44C-48E6-AE30-C00D59864569} = {E0DB6274-F44C-48E6-AE30-C00D59864569}
	EndProjectSection
EndProject
Project("{8BC9CEB8-8B4A-11D0-8D11-00A0C91BC942}") = "libenchant_zemberek", "libenchant_zemberek.vcproj", "{B35929B8-374C-442B-A0F5-494AD69EDE1A}"
	ProjectSection(WebsiteProperties) = preProject
		Debug.AspNetCompiler.Debug = "True"
		Release.AspNetCompiler.Debug = "False"
	EndProjectSection
	ProjectSection(ProjectDependencies) = postProject
		{E0DB6274-F44C-48E6-AE30-C00D59864569} = {E0DB6274-F44C-48E6-AE30-C00D59864569}
	EndProjectSection
EndProject
Project("{8BC9CEB8-8B4A-11D0-8D11-00A0C91BC942}") = "test-enchant", "test-enchant.vcproj", "{3CC7AE6D-FEA3-4EB3-98FA-8AB038541411}"
	ProjectSection(WebsiteProperties) = preProject
		Debug.AspNetCompiler.Debug = "True"
		Release.AspNetCompiler.Debug = "False"
	EndProjectSection
	ProjectSection(ProjectDependencies) = postProject
		{E0DB6274-F44C-48E6-AE30-C00D59864569} = {E0DB6274-F44C-48E6-AE30-C00D59864569}
	EndProjectSection
EndProject
Project("{8BC9CEB8-8B4A-11D0-8D11-00A0C91BC942}") = "test-enchantxx", "test-enchantxx.vcproj", "{001DB089-3C83-4384-BB2B-1FE37D091B04}"
	ProjectSection(WebsiteProperties) = preProject
		Debug.AspNetCompiler.Debug = "True"
		Release.AspNetCompiler.Debug = "False"
	EndProjectSection
	ProjectSection(ProjectDependencies) = postProject
		{E0DB6274-F44C-48E6-AE30-C00D59864569} = {E0DB6274-F44C-48E6-AE30-C00D59864569}
	EndProjectSection
EndProject
Project("{8BC9CEB8-8B4A-11D0-8D11-00A0C91BC942}") = "enchant", "enchant.vcproj", "{FE3CD71B-7742-46DD-AAE9-3CCAA110B4DB}"
	ProjectSection(WebsiteProperties) = preProject
		Debug.AspNetCompiler.Debug = "True"
		Release.AspNetCompiler.Debug = "False"
	EndProjectSection
	ProjectSection(ProjectDependencies) = postProject
		{E0DB6274-F44C-48E6-AE30-C00D59864569} = {E0DB6274-F44C-48E6-AE30-C00D59864569}
	EndProjectSection
EndProject
Project("{8BC9CEB8-8B4A-11D0-8D11-00A0C91BC942}") = "enchant-lsmod", "enchant-lsmod.vcproj", "{8B0F0A17-CEB4-42DF-B97E-375C60DB31E7}"
	ProjectSection(WebsiteProperties) = preProject
		Debug.AspNetCompiler.Debug = "True"
		Release.AspNetCompiler.Debug = "False"
	EndProjectSection
	ProjectSection(ProjectDependencies) = postProject
		{E0DB6274-F44C-48E6-AE30-C00D59864569} = {E0DB6274-F44C-48E6-AE30-C00D59864569}
	EndProjectSection
EndProject
Global
	GlobalSection(SolutionConfigurationPlatforms) = preSolution
		Debug|Win32 = Debug|Win32
		Release|Win32 = Release|Win32
	EndGlobalSection
	GlobalSection(ProjectConfigurationPlatforms) = postSolution
		{E0DB6274-F44C-48E6-AE30-C00D59864569}.Debug|Win32.ActiveCfg = Debug|Win32
		{E0DB6274-F44C-48E6-AE30-C00D59864569}.Debug|Win32.Build.0 = Debug|Win32
		{E0DB6274-F44C-48E6-AE30-C00D59864569}.Release|Win32.ActiveCfg = Release|Win32
		{E0DB6274-F44C-48E6-AE30-C00D59864569}.Release|Win32.Build.0 = Release|Win32
		{E948850F-C9DA-4824-876D-4FE97B88E79F}.Debug|Win32.ActiveCfg = Debug|Win32
		{E948850F-C9DA-4824-876D-4FE97B88E79F}.Release|Win32.ActiveCfg = Release|Win32
		{AA6839DF-19CB-49DD-8258-ABB86B5B0428}.Debug|Win32.ActiveCfg = Debug|Win32
		{AA6839DF-19CB-49DD-8258-ABB86B5B0428}.Release|Win32.ActiveCfg = Release|Win32
		{6FA58A42-075E-4671-BBB4-F7AA8061F839}.Debug|Win32.ActiveCfg = Debug|Win32
		{6FA58A42-075E-4671-BBB4-F7AA8061F839}.Release|Win32.ActiveCfg = Release|Win32
		{5DC9EE15-B080-4964-96CC-1BDC90BB873A}.Debug|Win32.ActiveCfg = Debug|Win32
		{5DC9EE15-B080-4964-96CC-1BDC90BB873A}.Debug|Win32.Build.0 = Debug|Win32
		{5DC9EE15-B080-4964-96CC-1BDC90BB873A}.Release|Win32.ActiveCfg = Release|Win32
		{5DC9EE15-B080-4964-96CC-1BDC90BB873A}.Release|Win32.Build.0 = Release|Win32
		{70927F4C-0446-4EF3-9F65-FA78AC210506}.Debug|Win32.ActiveCfg = Debug|Win32
		{70927F4C-0446-4EF3-9F65-FA78AC210506}.Debug|Win32.Build.0 = Debug|Win32
		{70927F4C-0446-4EF3-9F65-FA78AC210506}.Release|Win32.ActiveCfg = Release|Win32
		{70927F4C-0446-4EF3-9F65-FA78AC210506}.Release|Win32.Build.0 = Release|Win32
		{5612C360-309B-4E73-8512-6A1265590B90}.Debug|Win32.ActiveCfg = Debug|Win32
		{5612C360-309B-4E73-8512-6A1265590B90}.Release|Win32.ActiveCfg = Release|Win32
		{B35929B8-374C-442B-A0F5-494AD69EDE1A}.Debug|Win32.ActiveCfg = Debug|Win32
		{B35929B8-374C-442B-A0F5-494AD69EDE1A}.Debug|Win32.Build.0 = Debug|Win32
		{B35929B8-374C-442B-A0F5-494AD69EDE1A}.Release|Win32.ActiveCfg = Release|Win32
		{B35929B8-374C-442B-A0F5-494AD69EDE1A}.Release|Win32.Build.0 = Release|Win32
		{3CC7AE6D-FEA3-4EB3-98FA-8AB038541411}.Debug|Win32.ActiveCfg = Debug|Win32
		{3CC7AE6D-FEA3-4EB3-98FA-8AB038541411}.Debug|Win32.Build.0 = Debug|Win32
		{3CC7AE6D-FEA3-4EB3-98FA-8AB038541411}.Release|Win32.ActiveCfg = Release|Win32
		{3CC7AE6D-FEA3-4EB3-98FA-8AB038541411}.Release|Win32.Build.0 = Release|Win32
		{001DB089-3C83-4384-BB2B-1FE37D091B04}.Debug|Win32.ActiveCfg = Debug|Win32
		{001DB089-3C83-4384-BB2B-1FE37D091B04}.Debug|Win32.Build.0 = Debug|Win32
		{001DB089-3C83-4384-BB2B-1FE37D091B04}.Release|Win32.ActiveCfg = Release|Win32
		{001DB089-3C83-4384-BB2B-1FE37D091B04}.Release|Win32.Build.0 = Release|Win32
		{FE3CD71B-7742-46DD-AAE9-3CCAA110B4DB}.Debug|Win32.ActiveCfg = Debug|Win32
		{FE3CD71B-7742-46DD-AAE9-3CCAA110B4DB}.Debug|Win32.Build.0 = Debug|Win32
		{FE3CD71B-7742-46DD-AAE9-3CCAA110B4DB}.Release|Win32.ActiveCfg = Release|Win32
		{FE3CD71B-7742-46DD-AAE9-3CCAA110B4DB}.Release|Win32.Build.0 = Release|Win32
		{8B0F0A17-CEB4-42DF-B97E-375C60DB31E7}.Debug|Win32.ActiveCfg = Debug|Win32
		{8B0F0A17-CEB4-42DF-B97E-375C60DB31E7}.Debug|Win32.Build.0 = Debug|Win32
		{8B0F0A17-CEB4-42DF-B97E-375C60DB31E7}.Release|Win32.ActiveCfg = Release|Win32
		{8B0F0A17-CEB4-42DF-B97E-375C60DB31E7}.Release|Win32.Build.0 = Release|Win32
	EndGlobalSection
	GlobalSection(SolutionProperties) = preSolution
		HideSolutionNode = FALSE
	EndGlobalSection
EndGlobal
